
Microsoft Visual Studio Solution File, Format Version 12.00
# Visual Studio 15
VisualStudioVersion = 15.0.27130.2036
MinimumVisualStudioVersion = 10.0.40219.1
Project("{9A19103F-16F7-4668-BE54-9A1E7A4F7556}") = "TwistedWheel", "Twisted wheel\TwistedWheel.csproj", "{2EFD96E0-113F-4126-B0E9-F6BAC6738044}"
EndProject
Global
	GlobalSection(SolutionConfigurationPlatforms) = preSolution
		Debug|Any CPU = Debug|Any CPU
		Release|Any CPU = Release|Any CPU
	EndGlobalSection
	GlobalSection(ProjectConfigurationPlatforms) = postSolution
		{2EFD96E0-113F-4126-B0E9-F6BAC6738044}.Debug|Any CPU.ActiveCfg = Debug|Any CPU
		{2EFD96E0-113F-4126-B0E9-F6BAC6738044}.Debug|Any CPU.Build.0 = Debug|Any CPU
		{2EFD96E0-113F-4126-B0E9-F6BAC6738044}.Release|Any CPU.ActiveCfg = Release|Any CPU
		{2EFD96E0-113F-4126-B0E9-F6BAC6738044}.Release|Any CPU.Build.0 = Release|Any CPU
	EndGlobalSection
	GlobalSection(SolutionProperties) = preSolution
		HideSolutionNode = FALSE
	EndGlobalSection
	GlobalSection(ExtensibilityGlobals) = postSolution
		SolutionGuid = {E1C9CCDC-5BA0-48B5-81A2-598F16FF7D5D}
	EndGlobalSection
EndGlobal
